
Microsoft Visual Studio Solution File, Format Version 12.00
# Visual Studio Version 17
VisualStudioVersion = 17.0.31903.59
MinimumVisualStudioVersion = 10.0.40219.1
Project("{FAE04EC0-301F-11D3-BF4B-00C04F79EFBC}") = "Elagy.BL", "Elagy.BL\Elagy.BL.csproj", "{6F4C6C81-500C-4DB1-BBEE-7612EECB75A1}"
EndProject
Project("{FAE04EC0-301F-11D3-BF4B-00C04F79EFBC}") = "Elagy.Core", "Elagy.Core\Elagy.Core.csproj", "{C13BCE81-01DA-4BB8-8401-93E6385C18D9}"
EndProject
Project("{FAE04EC0-301F-11D3-BF4B-00C04F79EFBC}") = "Elagy.DAL", "Elagy.DAL\Elagy.DAL.csproj", "{C3CB067F-2F69-4E97-BAA4-70D213471BDF}"
EndProject
Project("{FAE04EC0-301F-11D3-BF4B-00C04F79EFBC}") = "Elagy.APIs", "Elagy.APIs\Elagy.APIs.csproj", "{4F800DA9-3745-4BED-8C80-ADDBC5C80754}"
EndProject
Global
	GlobalSection(SolutionConfigurationPlatforms) = preSolution
		Debug|Any CPU = Debug|Any CPU
		Debug|x64 = Debug|x64
		Debug|x86 = Debug|x86
		Release|Any CPU = Release|Any CPU
		Release|x64 = Release|x64
		Release|x86 = Release|x86
	EndGlobalSection
	GlobalSection(ProjectConfigurationPlatforms) = postSolution
		{6F4C6C81-500C-4DB1-BBEE-7612EECB75A1}.Debug|Any CPU.ActiveCfg = Debug|Any CPU
		{6F4C6C81-500C-4DB1-BBEE-7612EECB75A1}.Debug|Any CPU.Build.0 = Debug|Any CPU
		{6F4C6C81-500C-4DB1-BBEE-7612EECB75A1}.Debug|x64.ActiveCfg = Debug|Any CPU
		{6F4C6C81-500C-4DB1-BBEE-7612EECB75A1}.Debug|x64.Build.0 = Debug|Any CPU
		{6F4C6C81-500C-4DB1-BBEE-7612EECB75A1}.Debug|x86.ActiveCfg = Debug|Any CPU
		{6F4C6C81-500C-4DB1-BBEE-7612EECB75A1}.Debug|x86.Build.0 = Debug|Any CPU
		{6F4C6C81-500C-4DB1-BBEE-7612EECB75A1}.Release|Any CPU.ActiveCfg = Release|Any CPU
		{6F4C6C81-500C-4DB1-BBEE-7612EECB75A1}.Release|Any CPU.Build.0 = Release|Any CPU
		{6F4C6C81-500C-4DB1-BBEE-7612EECB75A1}.Release|x64.ActiveCfg = Release|Any CPU
		{6F4C6C81-500C-4DB1-BBEE-7612EECB75A1}.Release|x64.Build.0 = Release|Any CPU
		{6F4C6C81-500C-4DB1-BBEE-7612EECB75A1}.Release|x86.ActiveCfg = Release|Any CPU
		{6F4C6C81-500C-4DB1-BBEE-7612EECB75A1}.Release|x86.Build.0 = Release|Any CPU
		{C13BCE81-01DA-4BB8-8401-93E6385C18D9}.Debug|Any CPU.ActiveCfg = Debug|Any CPU
		{C13BCE81-01DA-4BB8-8401-93E6385C18D9}.Debug|Any CPU.Build.0 = Debug|Any CPU
		{C13BCE81-01DA-4BB8-8401-93E6385C18D9}.Debug|x64.ActiveCfg = Debug|Any CPU
		{C13BCE81-01DA-4BB8-8401-93E6385C18D9}.Debug|x64.Build.0 = Debug|Any CPU
		{C13BCE81-01DA-4BB8-8401-93E6385C18D9}.Debug|x86.ActiveCfg = Debug|Any CPU
		{C13BCE81-01DA-4BB8-8401-93E6385C18D9}.Debug|x86.Build.0 = Debug|Any CPU
		{C13BCE81-01DA-4BB8-8401-93E6385C18D9}.Release|Any CPU.ActiveCfg = Release|Any CPU
		{C13BCE81-01DA-4BB8-8401-93E6385C18D9}.Release|Any CPU.Build.0 = Release|Any CPU
		{C13BCE81-01DA-4BB8-8401-93E6385C18D9}.Release|x64.ActiveCfg = Release|Any CPU
		{C13BCE81-01DA-4BB8-8401-93E6385C18D9}.Release|x64.Build.0 = Release|Any CPU
		{C13BCE81-01DA-4BB8-8401-93E6385C18D9}.Release|x86.ActiveCfg = Release|Any CPU
		{C13BCE81-01DA-4BB8-8401-93E6385C18D9}.Release|x86.Build.0 = Release|Any CPU
		{C3CB067F-2F69-4E97-BAA4-70D213471BDF}.Debug|Any CPU.ActiveCfg = Debug|Any CPU
		{C3CB067F-2F69-4E97-BAA4-70D213471BDF}.Debug|Any CPU.Build.0 = Debug|Any CPU
		{C3CB067F-2F69-4E97-BAA4-70D213471BDF}.Debug|x64.ActiveCfg = Debug|Any CPU
		{C3CB067F-2F69-4E97-BAA4-70D213471BDF}.Debug|x64.Build.0 = Debug|Any CPU
		{C3CB067F-2F69-4E97-BAA4-70D213471BDF}.Debug|x86.ActiveCfg = Debug|Any CPU
		{C3CB067F-2F69-4E97-BAA4-70D213471BDF}.Debug|x86.Build.0 = Debug|Any CPU
		{C3CB067F-2F69-4E97-BAA4-70D213471BDF}.Release|Any CPU.ActiveCfg = Release|Any CPU
		{C3CB067F-2F69-4E97-BAA4-70D213471BDF}.Release|Any CPU.Build.0 = Release|Any CPU
		{C3CB067F-2F69-4E97-BAA4-70D213471BDF}.Release|x64.ActiveCfg = Release|Any CPU
		{C3CB067F-2F69-4E97-BAA4-70D213471BDF}.Release|x64.Build.0 = Release|Any CPU
		{C3CB067F-2F69-4E97-BAA4-70D213471BDF}.Release|x86.ActiveCfg = Release|Any CPU
		{C3CB067F-2F69-4E97-BAA4-70D213471BDF}.Release|x86.Build.0 = Release|Any CPU
		{4F800DA9-3745-4BED-8C80-ADDBC5C80754}.Debug|Any CPU.ActiveCfg = Debug|Any CPU
		{4F800DA9-3745-4BED-8C80-ADDBC5C80754}.Debug|Any CPU.Build.0 = Debug|Any CPU
		{4F800DA9-3745-4BED-8C80-ADDBC5C80754}.Debug|x64.ActiveCfg = Debug|Any CPU
		{4F800DA9-3745-4BED-8C80-ADDBC5C80754}.Debug|x64.Build.0 = Debug|Any CPU
		{4F800DA9-3745-4BED-8C80-ADDBC5C80754}.Debug|x86.ActiveCfg = Debug|Any CPU
		{4F800DA9-3745-4BED-8C80-ADDBC5C80754}.Debug|x86.Build.0 = Debug|Any CPU
		{4F800DA9-3745-4BED-8C80-ADDBC5C80754}.Release|Any CPU.ActiveCfg = Release|Any CPU
		{4F800DA9-3745-4BED-8C80-ADDBC5C80754}.Release|Any CPU.Build.0 = Release|Any CPU
		{4F800DA9-3745-4BED-8C80-ADDBC5C80754}.Release|x64.ActiveCfg = Release|Any CPU
		{4F800DA9-3745-4BED-8C80-ADDBC5C80754}.Release|x64.Build.0 = Release|Any CPU
		{4F800DA9-3745-4BED-8C80-ADDBC5C80754}.Release|x86.ActiveCfg = Release|Any CPU
		{4F800DA9-3745-4BED-8C80-ADDBC5C80754}.Release|x86.Build.0 = Release|Any CPU
	EndGlobalSection
	GlobalSection(SolutionProperties) = preSolution
		HideSolutionNode = FALSE
	EndGlobalSection
	GlobalSection(ExtensibilityGlobals) = postSolution
		SolutionGuid = {EA6845DF-DD8E-45D3-97D4-FA88879E2E9F}
	EndGlobalSection
EndGlobal
